
Microsoft Visual Studio Solution File, Format Version 12.00
# Visual Studio Version 17
VisualStudioVersion = 17.3.32929.385
MinimumVisualStudioVersion = 10.0.40219.1
Project("{FAE04EC0-301F-11D3-BF4B-00C04F79EFBC}") = "Decision_Making_With_Different_Method", "Decision_Making_With_Different_Method\Decision_Making_With_Different_Method.csproj", "{6C457F55-C948-4361-A685-45D5EE3C683B}"
EndProject
Global
	GlobalSection(SolutionConfigurationPlatforms) = preSolution
		Debug|Any CPU = Debug|Any CPU
		Release|Any CPU = Release|Any CPU
	EndGlobalSection
	GlobalSection(ProjectConfigurationPlatforms) = postSolution
		{6C457F55-C948-4361-A685-45D5EE3C683B}.Debug|Any CPU.ActiveCfg = Debug|Any CPU
		{6C457F55-C948-4361-A685-45D5EE3C683B}.Debug|Any CPU.Build.0 = Debug|Any CPU
		{6C457F55-C948-4361-A685-45D5EE3C683B}.Release|Any CPU.ActiveCfg = Release|Any CPU
		{6C457F55-C948-4361-A685-45D5EE3C683B}.Release|Any CPU.Build.0 = Release|Any CPU
	EndGlobalSection
	GlobalSection(SolutionProperties) = preSolution
		HideSolutionNode = FALSE
	EndGlobalSection
	GlobalSection(ExtensibilityGlobals) = postSolution
		SolutionGuid = {F1070109-1D76-46F3-A068-BF44D9D42E66}
	EndGlobalSection
EndGlobal
